{
  "name": "node-reactivity",
  "version": "1.0.0",
  "lockfileVersion": 1,
  "requires": true,
  "dependencies": {
    "@vue/reactivity": {
      "version": "3.0.0-rc.4",
      "resolved": "https://registry.npmjs.org/@vue/reactivity/-/reactivity-3.0.0-rc.4.tgz",
      "integrity": "sha512-Qer7HKYS70imlxPTiIEeSoxXcGLRL96ZoTzDfAOdEd4kjRcztz9tPhiu/70jEuNoHWmQWSWbn09WLusgMB4Eqw==",
      "requires": {
        "@vue/shared": "3.0.0-rc.4"
      }
    },
    "@vue/shared": {
      "version": "3.0.0-rc.4",
      "resolved": "https://registry.npmjs.org/@vue/shared/-/shared-3.0.0-rc.4.tgz",
      "integrity": "sha512-cN1YTH/LUPsufLrDQR/n/DxdTu7GjsmLWcZ249mQc+fcYeUdjAFDiOHL2xWE/s3g6jwwOMjS7jelpxYUctD7Gw=="
    }
  }
}
